# This file is autogenerated, do not edit; changes may be undone by the next 'dep ensure'.


[[projects]]
  name = "github.com/golang/protobuf"
  packages = ["proto"]
  revision = "925541529c1fa6821df4e44ce2723319eb2be768"
  version = "v1.0.0"

[[projects]]
  name = "github.com/labstack/echo"
  packages = ["."]
  revision = "49321f5829268d3ffc25cd59e0c874f8bb6ad35f"

[[projects]]
  name = "github.com/labstack/gommon"
  packages = [
    "color",
    "log"
  ]
  revision = "f72d3c883f8ea180da8f085dd320804c41332ad1"

[[projects]]
  name = "github.com/mattn/go-colorable"
  packages = ["."]
  revision = "d228849504861217f796da67fae4f6e347643f15"
  version = "v0.0.7"

[[projects]]
  name = "github.com/mattn/go-isatty"
  packages = ["."]
  revision = "30a891c33c7cde7b02a981314b4228ec99380cca"

[[projects]]
  name = "github.com/valyala/fasttemplate"
  packages = ["."]
  revision = "3b874956e03f1636d171bda64b130f9135f42cff"

[[projects]]
  name = "golang.org/x/crypto"
  packages = [
    "acme",
    "acme/autocert"
  ]
  revision = "91902e332b9d47760598861512d2ae148f94ca58"

[[projects]]
  name = "golang.org/x/net"
  packages = [
    "context",
    "context/ctxhttp"
  ]
  revision = "69d4b8aa71caaaa75c3dfc11211d1be495abec7c"

[[projects]]
  name = "golang.org/x/sys"
  packages = ["unix"]
  revision = "d75a52659825e75fff6158388dddc6a5b04f9ba5"

[[projects]]
  name = "google.golang.org/appengine"
  packages = [
    ".",
    "internal",
    "internal/app_identity",
    "internal/base",
    "internal/datastore",
    "internal/log",
    "internal/modules",
    "internal/remote_api",
    "log"
  ]
  revision = "150dc57a1b433e64154302bdc40b6bb8aefa313a"
  version = "v1.0.0"

[solve-meta]
  analyzer-name = "dep"
  analyzer-version = 1
  inputs-digest = "24c0cf7890e86340c9314c46902abde18e3e45533031bf0c5dfce3ee554fc3b0"
  solver-name = "gps-cdcl"
  solver-version = 1
